
Microsoft Visual Studio Solution File, Format Version 12.00
# Visual Studio Version 17
VisualStudioVersion = 17.6.33417.168
MinimumVisualStudioVersion = 10.0.40219.1
Project("{FAE04EC0-301F-11D3-BF4B-00C04F79EFBC}") = "MiracleMeet.Server", "MiracleMeet\Server\MiracleMeet.Server.csproj", "{4F157DCF-057A-43AE-A67F-1997D42AA36B}"
EndProject
Project("{FAE04EC0-301F-11D3-BF4B-00C04F79EFBC}") = "MiracleMeet.Client", "MiracleMeet\Client\MiracleMeet.Client.csproj", "{3ED6BEAF-26AA-408C-9C25-4B4D579397FE}"
EndProject
Project("{FAE04EC0-301F-11D3-BF4B-00C04F79EFBC}") = "MiracleMeet.Shared", "MiracleMeet\Shared\MiracleMeet.Shared.csproj", "{6DC66145-F060-4E64-BC34-00AE59F7DB39}"
EndProject
Global
	GlobalSection(SolutionConfigurationPlatforms) = preSolution
		Debug|Any CPU = Debug|Any CPU
		Release|Any CPU = Release|Any CPU
	EndGlobalSection
	GlobalSection(ProjectConfigurationPlatforms) = postSolution
		{4F157DCF-057A-43AE-A67F-1997D42AA36B}.Debug|Any CPU.ActiveCfg = Debug|Any CPU
		{4F157DCF-057A-43AE-A67F-1997D42AA36B}.Debug|Any CPU.Build.0 = Debug|Any CPU
		{4F157DCF-057A-43AE-A67F-1997D42AA36B}.Release|Any CPU.ActiveCfg = Release|Any CPU
		{4F157DCF-057A-43AE-A67F-1997D42AA36B}.Release|Any CPU.Build.0 = Release|Any CPU
		{3ED6BEAF-26AA-408C-9C25-4B4D579397FE}.Debug|Any CPU.ActiveCfg = Debug|Any CPU
		{3ED6BEAF-26AA-408C-9C25-4B4D579397FE}.Debug|Any CPU.Build.0 = Debug|Any CPU
		{3ED6BEAF-26AA-408C-9C25-4B4D579397FE}.Release|Any CPU.ActiveCfg = Release|Any CPU
		{3ED6BEAF-26AA-408C-9C25-4B4D579397FE}.Release|Any CPU.Build.0 = Release|Any CPU
		{6DC66145-F060-4E64-BC34-00AE59F7DB39}.Debug|Any CPU.ActiveCfg = Debug|Any CPU
		{6DC66145-F060-4E64-BC34-00AE59F7DB39}.Debug|Any CPU.Build.0 = Debug|Any CPU
		{6DC66145-F060-4E64-BC34-00AE59F7DB39}.Release|Any CPU.ActiveCfg = Release|Any CPU
		{6DC66145-F060-4E64-BC34-00AE59F7DB39}.Release|Any CPU.Build.0 = Release|Any CPU
	EndGlobalSection
	GlobalSection(SolutionProperties) = preSolution
		HideSolutionNode = FALSE
	EndGlobalSection
	GlobalSection(ExtensibilityGlobals) = postSolution
		SolutionGuid = {D2146714-6925-4037-8ADE-B69C3B259564}
	EndGlobalSection
EndGlobal
